
Microsoft Visual Studio Solution File, Format Version 12.00
# Visual Studio Version 18
VisualStudioVersion = 18.5.11723.231 stable
MinimumVisualStudioVersion = 10.0.40219.1
Project("{FAE04EC0-301F-11D3-BF4B-00C04F79EFBC}") = "BD.Standard.YCWH.ProgramUploadERP", "BD.Standard.YCWH.ProgramUploadERP.csproj", "{A236BEF9-F1AF-41FB-A5BF-6C2E42168F34}"
EndProject
Global
	GlobalSection(SolutionConfigurationPlatforms) = preSolution
		Debug|Any CPU = Debug|Any CPU
		Release|Any CPU = Release|Any CPU
	EndGlobalSection
	GlobalSection(ProjectConfigurationPlatforms) = postSolution
		{A236BEF9-F1AF-41FB-A5BF-6C2E42168F34}.Debug|Any CPU.ActiveCfg = Debug|Any CPU
		{A236BEF9-F1AF-41FB-A5BF-6C2E42168F34}.Debug|Any CPU.Build.0 = Debug|Any CPU
		{A236BEF9-F1AF-41FB-A5BF-6C2E42168F34}.Release|Any CPU.ActiveCfg = Release|Any CPU
		{A236BEF9-F1AF-41FB-A5BF-6C2E42168F34}.Release|Any CPU.Build.0 = Release|Any CPU
	EndGlobalSection
	GlobalSection(SolutionProperties) = preSolution
		HideSolutionNode = FALSE
	EndGlobalSection
	GlobalSection(ExtensibilityGlobals) = postSolution
		SolutionGuid = {064EBD19-35ED-4466-A663-6B51C7451C97}
	EndGlobalSection
EndGlobal
